
Microsoft Visual Studio Solution File, Format Version 12.00
# Visual Studio Version 16
VisualStudioVersion = 25.0.1706.0
MinimumVisualStudioVersion = 10.0.40219.1
Project("{FAE04EC0-301F-11D3-BF4B-00C04F79EFBC}") = "LoggerUsingchainOfResp", "LoggerUsingchainOfResp\LoggerUsingchainOfResp.csproj", "{FEB4B1A3-E9F9-4292-A1EF-184ABFB8BA8B}"
EndProject
Global
	GlobalSection(SolutionConfigurationPlatforms) = preSolution
		Debug|Any CPU = Debug|Any CPU
		Release|Any CPU = Release|Any CPU
	EndGlobalSection
	GlobalSection(ProjectConfigurationPlatforms) = postSolution
		{FEB4B1A3-E9F9-4292-A1EF-184ABFB8BA8B}.Debug|Any CPU.ActiveCfg = Debug|Any CPU
		{FEB4B1A3-E9F9-4292-A1EF-184ABFB8BA8B}.Debug|Any CPU.Build.0 = Debug|Any CPU
		{FEB4B1A3-E9F9-4292-A1EF-184ABFB8BA8B}.Release|Any CPU.ActiveCfg = Release|Any CPU
		{FEB4B1A3-E9F9-4292-A1EF-184ABFB8BA8B}.Release|Any CPU.Build.0 = Release|Any CPU
	EndGlobalSection
	GlobalSection(SolutionProperties) = preSolution
		HideSolutionNode = FALSE
	EndGlobalSection
	GlobalSection(ExtensibilityGlobals) = postSolution
		SolutionGuid = {775D19B2-4F58-47E9-82CC-7C4326AC0BAB}
	EndGlobalSection
EndGlobal
